
Microsoft Visual Studio Solution File, Format Version 12.00
# Visual Studio 14
VisualStudioVersion = 14.0.23107.0
MinimumVisualStudioVersion = 14.0.23107.0
Project("{2150E333-8FDC-42A3-9474-1A3956D46DE8}") = "project2d", "project2d", "{ACCF141F-D346-4102-8D75-F1E4F66C97FC}"
	ProjectSection(SiliconStudioPackage) = preProject
		project2d/project2d.xkpkg = project2d/project2d.xkpkg
	EndProjectSection
EndProject
Project("{FAE04EC0-301F-11D3-BF4B-00C04F79EFBC}") = "project2d.Windows", "project2d\project2d.Windows\project2d.Windows.csproj", "{0224146F-8C48-441D-A318-34BA98D53757}"
EndProject
Project("{FAE04EC0-301F-11D3-BF4B-00C04F79EFBC}") = "project2d.Game", "project2d\project2d.Game\project2d.Game.csproj", "{2386172F-0C19-4139-A7CC-819403ED48B2}"
EndProject
Global
	GlobalSection(SolutionConfigurationPlatforms) = preSolution
		AppStore|Any CPU = AppStore|Any CPU
		AppStore|Mixed Platforms = AppStore|Mixed Platforms
		AppStore|Windows = AppStore|Windows
		CoreCLR_Debug|Any CPU = CoreCLR_Debug|Any CPU
		CoreCLR_Debug|Mixed Platforms = CoreCLR_Debug|Mixed Platforms
		CoreCLR_Debug|Windows = CoreCLR_Debug|Windows
		CoreCLR_Release|Any CPU = CoreCLR_Release|Any CPU
		CoreCLR_Release|Mixed Platforms = CoreCLR_Release|Mixed Platforms
		CoreCLR_Release|Windows = CoreCLR_Release|Windows
		Debug|Any CPU = Debug|Any CPU
		Debug|Mixed Platforms = Debug|Mixed Platforms
		Debug|Windows = Debug|Windows
		Release|Any CPU = Release|Any CPU
		Release|Mixed Platforms = Release|Mixed Platforms
		Release|Windows = Release|Windows
		Testing|Any CPU = Testing|Any CPU
		Testing|Mixed Platforms = Testing|Mixed Platforms
		Testing|Windows = Testing|Windows
	EndGlobalSection
	GlobalSection(ProjectConfigurationPlatforms) = postSolution
		{0224146F-8C48-441D-A318-34BA98D53757}.AppStore|Any CPU.ActiveCfg = AppStore|Any CPU
		{0224146F-8C48-441D-A318-34BA98D53757}.AppStore|Any CPU.Build.0 = AppStore|Any CPU
		{0224146F-8C48-441D-A318-34BA98D53757}.AppStore|Any CPU.Deploy.0 = AppStore|Any CPU
		{0224146F-8C48-441D-A318-34BA98D53757}.AppStore|Mixed Platforms.ActiveCfg = AppStore|Any CPU
		{0224146F-8C48-441D-A318-34BA98D53757}.AppStore|Mixed Platforms.Build.0 = AppStore|Any CPU
		{0224146F-8C48-441D-A318-34BA98D53757}.AppStore|Mixed Platforms.Deploy.0 = AppStore|Any CPU
		{0224146F-8C48-441D-A318-34BA98D53757}.AppStore|Windows.ActiveCfg = AppStore|Any CPU
		{0224146F-8C48-441D-A318-34BA98D53757}.AppStore|Windows.Build.0 = AppStore|Any CPU
		{0224146F-8C48-441D-A318-34BA98D53757}.AppStore|Windows.Deploy.0 = AppStore|Any CPU
		{0224146F-8C48-441D-A318-34BA98D53757}.CoreCLR_Debug|Any CPU.ActiveCfg = CoreCLR_Debug|Any CPU
		{0224146F-8C48-441D-A318-34BA98D53757}.CoreCLR_Debug|Any CPU.Build.0 = CoreCLR_Debug|Any CPU
		{0224146F-8C48-441D-A318-34BA98D53757}.CoreCLR_Debug|Any CPU.Deploy.0 = CoreCLR_Debug|Any CPU
		{0224146F-8C48-441D-A318-34BA98D53757}.CoreCLR_Debug|Mixed Platforms.ActiveCfg = CoreCLR_Debug|Any CPU
		{0224146F-8C48-441D-A318-34BA98D53757}.CoreCLR_Debug|Mixed Platforms.Build.0 = CoreCLR_Debug|Any CPU
		{0224146F-8C48-441D-A318-34BA98D53757}.CoreCLR_Debug|Mixed Platforms.Deploy.0 = CoreCLR_Debug|Any CPU
		{0224146F-8C48-441D-A318-34BA98D53757}.CoreCLR_Debug|Windows.ActiveCfg = CoreCLR_Debug|Any CPU
		{0224146F-8C48-441D-A318-34BA98D53757}.CoreCLR_Debug|Windows.Build.0 = CoreCLR_Debug|Any CPU
		{0224146F-8C48-441D-A318-34BA98D53757}.CoreCLR_Debug|Windows.Deploy.0 = CoreCLR_Debug|Any CPU
		{0224146F-8C48-441D-A318-34BA98D53757}.CoreCLR_Release|Any CPU.ActiveCfg = CoreCLR_Release|Any CPU
		{0224146F-8C48-441D-A318-34BA98D53757}.CoreCLR_Release|Any CPU.Build.0 = CoreCLR_Release|Any CPU
		{0224146F-8C48-441D-A318-34BA98D53757}.CoreCLR_Release|Any CPU.Deploy.0 = CoreCLR_Release|Any CPU
		{0224146F-8C48-441D-A318-34BA98D53757}.CoreCLR_Release|Mixed Platforms.ActiveCfg = CoreCLR_Release|Any CPU
		{0224146F-8C48-441D-A318-34BA98D53757}.CoreCLR_Release|Mixed Platforms.Build.0 = CoreCLR_Release|Any CPU
		{0224146F-8C48-441D-A318-34BA98D53757}.CoreCLR_Release|Mixed Platforms.Deploy.0 = CoreCLR_Release|Any CPU
		{0224146F-8C48-441D-A318-34BA98D53757}.CoreCLR_Release|Windows.ActiveCfg = CoreCLR_Release|Any CPU
		{0224146F-8C48-441D-A318-34BA98D53757}.CoreCLR_Release|Windows.Build.0 = CoreCLR_Release|Any CPU
		{0224146F-8C48-441D-A318-34BA98D53757}.CoreCLR_Release|Windows.Deploy.0 = CoreCLR_Release|Any CPU
		{0224146F-8C48-441D-A318-34BA98D53757}.Debug|Any CPU.ActiveCfg = Debug|Any CPU
		{0224146F-8C48-441D-A318-34BA98D53757}.Debug|Any CPU.Build.0 = Debug|Any CPU
		{0224146F-8C48-441D-A318-34BA98D53757}.Debug|Any CPU.Deploy.0 = Debug|Any CPU
		{0224146F-8C48-441D-A318-34BA98D53757}.Debug|Mixed Platforms.ActiveCfg = Debug|Any CPU
		{0224146F-8C48-441D-A318-34BA98D53757}.Debug|Mixed Platforms.Build.0 = Debug|Any CPU
		{0224146F-8C48-441D-A318-34BA98D53757}.Debug|Mixed Platforms.Deploy.0 = Debug|Any CPU
		{0224146F-8C48-441D-A318-34BA98D53757}.Debug|Windows.ActiveCfg = Debug|Any CPU
		{0224146F-8C48-441D-A318-34BA98D53757}.Debug|Windows.Build.0 = Debug|Any CPU
		{0224146F-8C48-441D-A318-34BA98D53757}.Debug|Windows.Deploy.0 = Debug|Any CPU
		{0224146F-8C48-441D-A318-34BA98D53757}.Release|Any CPU.ActiveCfg = Release|Any CPU
		{0224146F-8C48-441D-A318-34BA98D53757}.Release|Any CPU.Build.0 = Release|Any CPU
		{0224146F-8C48-441D-A318-34BA98D53757}.Release|Any CPU.Deploy.0 = Release|Any CPU
		{0224146F-8C48-441D-A318-34BA98D53757}.Release|Mixed Platforms.ActiveCfg = Release|Any CPU
		{0224146F-8C48-441D-A318-34BA98D53757}.Release|Mixed Platforms.Build.0 = Release|Any CPU
		{0224146F-8C48-441D-A318-34BA98D53757}.Release|Mixed Platforms.Deploy.0 = Release|Any CPU
		{0224146F-8C48-441D-A318-34BA98D53757}.Release|Windows.ActiveCfg = Release|Any CPU
		{0224146F-8C48-441D-A318-34BA98D53757}.Release|Windows.Build.0 = Release|Any CPU
		{0224146F-8C48-441D-A318-34BA98D53757}.Release|Windows.Deploy.0 = Release|Any CPU
		{0224146F-8C48-441D-A318-34BA98D53757}.Testing|Any CPU.ActiveCfg = Testing|Any CPU
		{0224146F-8C48-441D-A318-34BA98D53757}.Testing|Any CPU.Build.0 = Testing|Any CPU
		{0224146F-8C48-441D-A318-34BA98D53757}.Testing|Any CPU.Deploy.0 = Testing|Any CPU
		{0224146F-8C48-441D-A318-34BA98D53757}.Testing|Mixed Platforms.ActiveCfg = Testing|Any CPU
		{0224146F-8C48-441D-A318-34BA98D53757}.Testing|Mixed Platforms.Build.0 = Testing|Any CPU
		{0224146F-8C48-441D-A318-34BA98D53757}.Testing|Mixed Platforms.Deploy.0 = Testing|Any CPU
		{0224146F-8C48-441D-A318-34BA98D53757}.Testing|Windows.ActiveCfg = Testing|Any CPU
		{0224146F-8C48-441D-A318-34BA98D53757}.Testing|Windows.Build.0 = Testing|Any CPU
		{0224146F-8C48-441D-A318-34BA98D53757}.Testing|Windows.Deploy.0 = Testing|Any CPU
		{2386172F-0C19-4139-A7CC-819403ED48B2}.AppStore|Any CPU.ActiveCfg = AppStore|Any CPU
		{2386172F-0C19-4139-A7CC-819403ED48B2}.AppStore|Any CPU.Build.0 = AppStore|Any CPU
		{2386172F-0C19-4139-A7CC-819403ED48B2}.AppStore|Mixed Platforms.ActiveCfg = AppStore|Any CPU
		{2386172F-0C19-4139-A7CC-819403ED48B2}.AppStore|Mixed Platforms.Build.0 = AppStore|Any CPU
		{2386172F-0C19-4139-A7CC-819403ED48B2}.AppStore|Windows.ActiveCfg = AppStore|Any CPU
		{2386172F-0C19-4139-A7CC-819403ED48B2}.AppStore|Windows.Build.0 = AppStore|Any CPU
		{2386172F-0C19-4139-A7CC-819403ED48B2}.CoreCLR_Debug|Any CPU.ActiveCfg = CoreCLR_Debug|Any CPU
		{2386172F-0C19-4139-A7CC-819403ED48B2}.CoreCLR_Debug|Any CPU.Build.0 = CoreCLR_Debug|Any CPU
		{2386172F-0C19-4139-A7CC-819403ED48B2}.CoreCLR_Debug|Mixed Platforms.ActiveCfg = CoreCLR_Debug|Any CPU
		{2386172F-0C19-4139-A7CC-819403ED48B2}.CoreCLR_Debug|Mixed Platforms.Build.0 = CoreCLR_Debug|Any CPU
		{2386172F-0C19-4139-A7CC-819403ED48B2}.CoreCLR_Debug|Windows.ActiveCfg = CoreCLR_Debug|Any CPU
		{2386172F-0C19-4139-A7CC-819403ED48B2}.CoreCLR_Debug|Windows.Build.0 = CoreCLR_Debug|Any CPU
		{2386172F-0C19-4139-A7CC-819403ED48B2}.CoreCLR_Release|Any CPU.ActiveCfg = CoreCLR_Release|Any CPU
		{2386172F-0C19-4139-A7CC-819403ED48B2}.CoreCLR_Release|Any CPU.Build.0 = CoreCLR_Release|Any CPU
		{2386172F-0C19-4139-A7CC-819403ED48B2}.CoreCLR_Release|Mixed Platforms.ActiveCfg = CoreCLR_Release|Any CPU
		{2386172F-0C19-4139-A7CC-819403ED48B2}.CoreCLR_Release|Mixed Platforms.Build.0 = CoreCLR_Release|Any CPU
		{2386172F-0C19-4139-A7CC-819403ED48B2}.CoreCLR_Release|Windows.ActiveCfg = CoreCLR_Release|Any CPU
		{2386172F-0C19-4139-A7CC-819403ED48B2}.CoreCLR_Release|Windows.Build.0 = CoreCLR_Release|Any CPU
		{2386172F-0C19-4139-A7CC-819403ED48B2}.Debug|Any CPU.ActiveCfg = Debug|Any CPU
		{2386172F-0C19-4139-A7CC-819403ED48B2}.Debug|Any CPU.Build.0 = Debug|Any CPU
		{2386172F-0C19-4139-A7CC-819403ED48B2}.Debug|Mixed Platforms.ActiveCfg = Debug|Any CPU
		{2386172F-0C19-4139-A7CC-819403ED48B2}.Debug|Mixed Platforms.Build.0 = Debug|Any CPU
		{2386172F-0C19-4139-A7CC-819403ED48B2}.Debug|Windows.ActiveCfg = Debug|Any CPU
		{2386172F-0C19-4139-A7CC-819403ED48B2}.Debug|Windows.Build.0 = Debug|Any CPU
		{2386172F-0C19-4139-A7CC-819403ED48B2}.Release|Any CPU.ActiveCfg = Release|Any CPU
		{2386172F-0C19-4139-A7CC-819403ED48B2}.Release|Any CPU.Build.0 = Release|Any CPU
		{2386172F-0C19-4139-A7CC-819403ED48B2}.Release|Mixed Platforms.ActiveCfg = Release|Any CPU
		{2386172F-0C19-4139-A7CC-819403ED48B2}.Release|Mixed Platforms.Build.0 = Release|Any CPU
		{2386172F-0C19-4139-A7CC-819403ED48B2}.Release|Windows.ActiveCfg = Release|Any CPU
		{2386172F-0C19-4139-A7CC-819403ED48B2}.Release|Windows.Build.0 = Release|Any CPU
		{2386172F-0C19-4139-A7CC-819403ED48B2}.Testing|Any CPU.ActiveCfg = Testing|Any CPU
		{2386172F-0C19-4139-A7CC-819403ED48B2}.Testing|Any CPU.Build.0 = Testing|Any CPU
		{2386172F-0C19-4139-A7CC-819403ED48B2}.Testing|Mixed Platforms.ActiveCfg = Testing|Any CPU
		{2386172F-0C19-4139-A7CC-819403ED48B2}.Testing|Mixed Platforms.Build.0 = Testing|Any CPU
		{2386172F-0C19-4139-A7CC-819403ED48B2}.Testing|Windows.ActiveCfg = Testing|Any CPU
		{2386172F-0C19-4139-A7CC-819403ED48B2}.Testing|Windows.Build.0 = Testing|Any CPU
	EndGlobalSection
	GlobalSection(NestedProjects) = preSolution
		{0224146F-8C48-441D-A318-34BA98D53757} = {ACCF141F-D346-4102-8D75-F1E4F66C97FC}
		{2386172F-0C19-4139-A7CC-819403ED48B2} = {ACCF141F-D346-4102-8D75-F1E4F66C97FC}
	EndGlobalSection
EndGlobal
